
Microsoft Visual Studio Solution File, Format Version 12.00
# Visual Studio Version 17
VisualStudioVersion = 17.0.31912.275
MinimumVisualStudioVersion = 10.0.40219.1
Project("{9A19103F-16F7-4668-BE54-9A1E7A4F7556}") = "OpenSourceCurrencyApi", "OpenSourceCurrencyApi\OpenSourceCurrencyApi.csproj", "{596CF824-7957-4443-82DF-F4402C4B6B0A}"
EndProject
Project("{FAE04EC0-301F-11D3-BF4B-00C04F79EFBC}") = "OpenSourceCurrencyApi.Tests", "OpenSourceCurrencyApi.Tests\OpenSourceCurrencyApi.Tests.csproj", "{13268ED5-D5FF-4481-981C-68D0D8361D78}"
EndProject
Global
	GlobalSection(SolutionConfigurationPlatforms) = preSolution
		Debug|Any CPU = Debug|Any CPU
		Release|Any CPU = Release|Any CPU
	EndGlobalSection
	GlobalSection(ProjectConfigurationPlatforms) = postSolution
		{596CF824-7957-4443-82DF-F4402C4B6B0A}.Debug|Any CPU.ActiveCfg = Debug|Any CPU
		{596CF824-7957-4443-82DF-F4402C4B6B0A}.Debug|Any CPU.Build.0 = Debug|Any CPU
		{596CF824-7957-4443-82DF-F4402C4B6B0A}.Release|Any CPU.ActiveCfg = Release|Any CPU
		{596CF824-7957-4443-82DF-F4402C4B6B0A}.Release|Any CPU.Build.0 = Release|Any CPU
		{13268ED5-D5FF-4481-981C-68D0D8361D78}.Debug|Any CPU.ActiveCfg = Debug|Any CPU
		{13268ED5-D5FF-4481-981C-68D0D8361D78}.Debug|Any CPU.Build.0 = Debug|Any CPU
		{13268ED5-D5FF-4481-981C-68D0D8361D78}.Release|Any CPU.ActiveCfg = Release|Any CPU
		{13268ED5-D5FF-4481-981C-68D0D8361D78}.Release|Any CPU.Build.0 = Release|Any CPU
	EndGlobalSection
	GlobalSection(SolutionProperties) = preSolution
		HideSolutionNode = FALSE
	EndGlobalSection
	GlobalSection(ExtensibilityGlobals) = postSolution
		SolutionGuid = {5A246BA6-03AA-41BE-B75F-02614ED6BE3E}
	EndGlobalSection
EndGlobal
